<?xml version="1.0" encoding="utf-8"?>
<Project ToolsVersion="4.0" xmlns="http://schemas.microsoft.com/developer/msbuild/2003">
  <ItemGroup>
    <Filter Include="리소스 파일">
      <UniqueIdentifier>{67DA6AB6-F800-4c08-8B7A-83BB121AAD01}</UniqueIdentifier>
      <Extensions>rc;ico;cur;bmp;dlg;rc2;rct;bin;rgs;gif;jpg;jpeg;jpe;resx;tiff;tif;png;wav;mfcribbon-ms</Extensions>
    </Filter>
    <Filter Include="Object">
      <UniqueIdentifier>{7facba94-957a-483e-97c7-b3f562c34831}</UniqueIdentifier>
    </Filter>
    <Filter Include="Common">
      <UniqueIdentifier>{ee7021e3-e097-472d-84ac-89fabbb9dc64}</UniqueIdentifier>
    </Filter>
    <Filter Include="Common\Loader">
      <UniqueIdentifier>{dc15baf4-8f0c-4ffd-9758-e071697a7957}</UniqueIdentifier>
    </Filter>
    <Filter Include="Engine">
      <UniqueIdentifier>{04e323ef-8dd6-4ca7-a2fa-2ea7f7eaca24}</UniqueIdentifier>
    </Filter>
    <Filter Include="Main">
      <UniqueIdentifier>{00717c49-8537-43e3-b34c-080130130d44}</UniqueIdentifier>
    </Filter>
  </ItemGroup>
  <ItemGroup>
    <ClInclude Include="CustomMath.h">
      <Filter>Common</Filter>
    </ClInclude>
    <ClInclude Include="d3dx12.h">
      <Filter>Common</Filter>
    </ClInclude>
    <ClInclude Include="Resource.h">
      <Filter>Common</Filter>
    </ClInclude>
    <ClInclude Include="targetver.h">
      <Filter>Common</Filter>
    </ClInclude>
    <ClInclude Include="Timer.h">
      <Filter>Common</Filter>
    </ClInclude>
    <ClInclude Include="framework.h">
      <Filter>Common</Filter>
    </ClInclude>
    <ClInclude Include="AnimationController.h">
      <Filter>Object</Filter>
    </ClInclude>
    <ClInclude Include="Mesh.h">
      <Filter>Object</Filter>
    </ClInclude>
    <ClInclude Include="Object.h">
      <Filter>Object</Filter>
    </ClInclude>
    <ClInclude Include="Shader.h">
      <Filter>Object</Filter>
    </ClInclude>
    <ClInclude Include="Engine.h">
      <Filter>Engine</Filter>
    </ClInclude>
    <ClInclude Include="MainScene.h">
      <Filter>Engine</Filter>
    </ClInclude>
    <ClInclude Include="Camera.h">
      <Filter>Object</Filter>
    </ClInclude>
    <ClInclude Include="Scene.h">
      <Filter>Engine</Filter>
    </ClInclude>
    <ClInclude Include="DDSTextureLoader12.h">
      <Filter>Common\Loader</Filter>
    </ClInclude>
    <ClInclude Include="FbxSceneContext.h">
      <Filter>Common\Loader</Filter>
    </ClInclude>
    <ClInclude Include="WICTextureLoader12.h">
      <Filter>Common\Loader</Filter>
    </ClInclude>
    <ClInclude Include="RenderEngine.h">
      <Filter>Main</Filter>
    </ClInclude>
  </ItemGroup>
  <ItemGroup>
    <ClCompile Include="framework.cpp">
      <Filter>Common</Filter>
    </ClCompile>
    <ClCompile Include="Timer.cpp">
      <Filter>Common</Filter>
    </ClCompile>
    <ClCompile Include="Object.cpp">
      <Filter>Object</Filter>
    </ClCompile>
    <ClCompile Include="Mesh.cpp">
      <Filter>Object</Filter>
    </ClCompile>
    <ClCompile Include="Shader.cpp">
      <Filter>Object</Filter>
    </ClCompile>
    <ClCompile Include="AnimationController.cpp">
      <Filter>Object</Filter>
    </ClCompile>
    <ClCompile Include="Engine.cpp">
      <Filter>Engine</Filter>
    </ClCompile>
    <ClCompile Include="MainScene.cpp">
      <Filter>Engine</Filter>
    </ClCompile>
    <ClCompile Include="Camera.cpp">
      <Filter>Object</Filter>
    </ClCompile>
    <ClCompile Include="Scene.cpp">
      <Filter>Engine</Filter>
    </ClCompile>
    <ClCompile Include="DDSTextureLoader12.cpp">
      <Filter>Common\Loader</Filter>
    </ClCompile>
    <ClCompile Include="WICTextureLoader12.cpp">
      <Filter>Common\Loader</Filter>
    </ClCompile>
    <ClCompile Include="RenderEngine.cpp">
      <Filter>Main</Filter>
    </ClCompile>
  </ItemGroup>
  <ItemGroup>
    <ResourceCompile Include="RenderEngine.rc">
      <Filter>리소스 파일</Filter>
    </ResourceCompile>
  </ItemGroup>
  <ItemGroup>
    <Image Include="small.ico">
      <Filter>리소스 파일</Filter>
    </Image>
    <Image Include="RenderEngine.ico">
      <Filter>리소스 파일</Filter>
    </Image>
  </ItemGroup>
</Project>