
Microsoft Visual Studio Solution File, Format Version 12.00
# Visual Studio 15
VisualStudioVersion = 15.0.28307.1267
MinimumVisualStudioVersion = 10.0.40219.1
Project("{8BC9CEB8-8B4A-11D0-8D11-00A0C91BC942}") = "Anger_Control_Disorder", "Anger_Control_Disorder\Anger_Control_Disorder.vcxproj", "{E7F34046-078A-43FB-ADB4-2A0857BFE941}"
EndProject
Global
	GlobalSection(SolutionConfigurationPlatforms) = preSolution
		Debug|x64 = Debug|x64
		Debug|x86 = Debug|x86
		Release|x64 = Release|x64
		Release|x86 = Release|x86
	EndGlobalSection
	GlobalSection(ProjectConfigurationPlatforms) = postSolution
		{E7F34046-078A-43FB-ADB4-2A0857BFE941}.Debug|x64.ActiveCfg = Debug|x64
		{E7F34046-078A-43FB-ADB4-2A0857BFE941}.Debug|x64.Build.0 = Debug|x64
		{E7F34046-078A-43FB-ADB4-2A0857BFE941}.Debug|x86.ActiveCfg = Debug|Win32
		{E7F34046-078A-43FB-ADB4-2A0857BFE941}.Debug|x86.Build.0 = Debug|Win32
		{E7F34046-078A-43FB-ADB4-2A0857BFE941}.Release|x64.ActiveCfg = Release|x64
		{E7F34046-078A-43FB-ADB4-2A0857BFE941}.Release|x64.Build.0 = Release|x64
		{E7F34046-078A-43FB-ADB4-2A0857BFE941}.Release|x86.ActiveCfg = Release|Win32
		{E7F34046-078A-43FB-ADB4-2A0857BFE941}.Release|x86.Build.0 = Release|Win32
	EndGlobalSection
	GlobalSection(SolutionProperties) = preSolution
		HideSolutionNode = FALSE
	EndGlobalSection
	GlobalSection(ExtensibilityGlobals) = postSolution
		SolutionGuid = {C3DB49B3-E0FF-489E-87B8-A075E493D994}
	EndGlobalSection
EndGlobal
